
Microsoft Visual Studio Solution File, Format Version 12.00
# Visual Studio Version 17
VisualStudioVersion = 17.0.0.0
MinimumVisualStudioVersion = 10.0.40219.1
Project("{FAE04EC0-301F-11D3-BF4B-00C04F79EFBC}") = "EGreetings.Domain", "src\EGreetings.Domain\EGreetings.Domain.csproj", "{A1B2C3D4-0001-0000-0000-000000000001}"
EndProject
Project("{FAE04EC0-301F-11D3-BF4B-00C04F79EFBC}") = "EGreetings.Application", "src\EGreetings.Application\EGreetings.Application.csproj", "{A1B2C3D4-0002-0000-0000-000000000002}"
EndProject
Project("{FAE04EC0-301F-11D3-BF4B-00C04F79EFBC}") = "EGreetings.Infrastructure", "src\EGreetings.Infrastructure\EGreetings.Infrastructure.csproj", "{A1B2C3D4-0003-0000-0000-000000000003}"
EndProject
Project("{FAE04EC0-301F-11D3-BF4B-00C04F79EFBC}") = "EGreetings.API", "src\EGreetings.API\EGreetings.API.csproj", "{A1B2C3D4-0004-0000-0000-000000000004}"
EndProject
Project("{2150E333-8FDC-42A3-9474-1A3956D46DE8}") = "shared", "shared", "{4F52FD11-658E-A102-6CD3-7D7C16FFA15B}"
EndProject
Project("{FAE04EC0-301F-11D3-BF4B-00C04F79EFBC}") = "EGreetings.Shared.Contracts", "shared\EGreetings.Shared.Contracts\EGreetings.Shared.Contracts.csproj", "{7ACF0310-CF05-444C-BEEC-E9ACB814A275}"
EndProject
Project("{2150E333-8FDC-42A3-9474-1A3956D46DE8}") = "services", "services", "{5854FF58-B8C5-05C6-5BF2-ACE42193F22B}"
EndProject
Project("{2150E333-8FDC-42A3-9474-1A3956D46DE8}") = "notification", "notification", "{06470F13-D646-4954-ED4A-FA216054436A}"
EndProject
Project("{FAE04EC0-301F-11D3-BF4B-00C04F79EFBC}") = "EGreetings.Notification.API", "services\notification\EGreetings.Notification.API\EGreetings.Notification.API.csproj", "{ACEC3B38-5248-4C6B-AF21-442DF73D21B7}"
EndProject
Project("{FAE04EC0-301F-11D3-BF4B-00C04F79EFBC}") = "EGreetings.Notification.Application", "services\notification\EGreetings.Notification.Application\EGreetings.Notification.Application.csproj", "{BE2EE0B0-CC20-48F2-8BBA-05718894A545}"
EndProject
Project("{FAE04EC0-301F-11D3-BF4B-00C04F79EFBC}") = "EGreetings.Notification.Infrastructure", "services\notification\EGreetings.Notification.Infrastructure\EGreetings.Notification.Infrastructure.csproj", "{15F7E490-2381-4962-865C-A23674010C8C}"
EndProject
Project("{FAE04EC0-301F-11D3-BF4B-00C04F79EFBC}") = "EGreetings.Notification.Domain", "services\notification\EGreetings.Notification.Domain\EGreetings.Notification.Domain.csproj", "{07E4F5D5-FA57-4F74-A46F-D6177CC4703D}"
EndProject
Project("{FAE04EC0-301F-11D3-BF4B-00C04F79EFBC}") = "EGreetings.Shared.Infrastructure", "shared\EGreetings.Shared.Infrastructure\EGreetings.Shared.Infrastructure.csproj", "{DD5B168F-8ADA-4757-9343-909710ADA221}"
EndProject
Project("{FAE04EC0-301F-11D3-BF4B-00C04F79EFBC}") = "EGreetings.Shared.Domain", "shared\EGreetings.Shared.Domain\EGreetings.Shared.Domain.csproj", "{4F524BD1-8A6B-49DE-B05C-68143F71B970}"
EndProject
Project("{2150E333-8FDC-42A3-9474-1A3956D46DE8}") = "identity", "identity", "{357A7C97-5AE1-023F-1442-0D9F9AF22A31}"
EndProject
Project("{FAE04EC0-301F-11D3-BF4B-00C04F79EFBC}") = "EGreetings.Identity.API", "services\identity\EGreetings.Identity.API\EGreetings.Identity.API.csproj", "{A4A1F295-3CC2-440E-A57A-6B21ED66CD1A}"
EndProject
Project("{FAE04EC0-301F-11D3-BF4B-00C04F79EFBC}") = "EGreetings.Identity.Application", "services\identity\EGreetings.Identity.Application\EGreetings.Identity.Application.csproj", "{1C7F736F-1CAA-4C27-8CF4-333F861722F0}"
EndProject
Project("{FAE04EC0-301F-11D3-BF4B-00C04F79EFBC}") = "EGreetings.Identity.Domain", "services\identity\EGreetings.Identity.Domain\EGreetings.Identity.Domain.csproj", "{08D18CC2-9C89-4F8A-9A32-1EBE29537379}"
EndProject
Project("{FAE04EC0-301F-11D3-BF4B-00C04F79EFBC}") = "EGreetings.Identity.Infrastructure", "services\identity\EGreetings.Identity.Infrastructure\EGreetings.Identity.Infrastructure.csproj", "{14BFDF8D-3D5C-44FD-860F-1B3581A949D9}"
EndProject
Project("{FAE04EC0-301F-11D3-BF4B-00C04F79EFBC}") = "EGreetings.Feedback.API", "services\feedback\EGreetings.Feedback.API\EGreetings.Feedback.API.csproj", "{5A402D54-1398-4B8D-81EF-1531FB0F892A}"
EndProject
Project("{FAE04EC0-301F-11D3-BF4B-00C04F79EFBC}") = "EGreetings.Feedback.Application", "services\feedback\EGreetings.Feedback.Application\EGreetings.Feedback.Application.csproj", "{F0283775-FCF7-40FF-A84F-A81F753CE80C}"
EndProject
Project("{FAE04EC0-301F-11D3-BF4B-00C04F79EFBC}") = "EGreetings.Feedback.Domain", "services\feedback\EGreetings.Feedback.Domain\EGreetings.Feedback.Domain.csproj", "{860B2E64-247B-44B1-B49F-9CD84653A08A}"
EndProject
Project("{FAE04EC0-301F-11D3-BF4B-00C04F79EFBC}") = "EGreetings.Feedback.Infrastructure", "services\feedback\EGreetings.Feedback.Infrastructure\EGreetings.Feedback.Infrastructure.csproj", "{DE9E367F-F3F4-4AE0-BF84-AE1F8C0A7A54}"
EndProject
Project("{FAE04EC0-301F-11D3-BF4B-00C04F79EFBC}") = "EGreetings.User.API", "services\user\EGreetings.User.API\EGreetings.User.API.csproj", "{2CDE6FA5-BFC7-410C-9A3E-AE69CB26970C}"
EndProject
Project("{FAE04EC0-301F-11D3-BF4B-00C04F79EFBC}") = "EGreetings.User.Application", "services\user\EGreetings.User.Application\EGreetings.User.Application.csproj", "{CFF8C59B-C934-49BD-83C0-CD1E5E684BF6}"
EndProject
Project("{FAE04EC0-301F-11D3-BF4B-00C04F79EFBC}") = "EGreetings.User.Domain", "services\user\EGreetings.User.Domain\EGreetings.User.Domain.csproj", "{E4D926D1-04CC-4BD4-8C98-743F891D196D}"
EndProject
Project("{FAE04EC0-301F-11D3-BF4B-00C04F79EFBC}") = "EGreetings.User.Infrastructure", "services\user\EGreetings.User.Infrastructure\EGreetings.User.Infrastructure.csproj", "{69BF9952-7B11-4D22-8ECD-C2EDC2EF2B34}"
EndProject
Project("{FAE04EC0-301F-11D3-BF4B-00C04F79EFBC}") = "EGreetings.Subscription.API", "services\subscription\EGreetings.Subscription.API\EGreetings.Subscription.API.csproj", "{89C94B0A-9FEA-4C58-AE80-1FA8605B8239}"
EndProject
Project("{FAE04EC0-301F-11D3-BF4B-00C04F79EFBC}") = "EGreetings.Subscription.Application", "services\subscription\EGreetings.Subscription.Application\EGreetings.Subscription.Application.csproj", "{A85A78B5-D5C4-42B0-9062-A0BBB0F72395}"
EndProject
Project("{FAE04EC0-301F-11D3-BF4B-00C04F79EFBC}") = "EGreetings.Subscription.Domain", "services\subscription\EGreetings.Subscription.Domain\EGreetings.Subscription.Domain.csproj", "{8D26D2CC-9177-4A88-B837-D7E813FB0135}"
EndProject
Project("{FAE04EC0-301F-11D3-BF4B-00C04F79EFBC}") = "EGreetings.Subscription.Infrastructure", "services\subscription\EGreetings.Subscription.Infrastructure\EGreetings.Subscription.Infrastructure.csproj", "{2DCBE71E-AC67-4EE7-B610-733821C6D2E7}"
EndProject
Project("{FAE04EC0-301F-11D3-BF4B-00C04F79EFBC}") = "EGreetings.Greeting.API", "services\greeting\EGreetings.Greeting.API\EGreetings.Greeting.API.csproj", "{36D16695-98DE-48A1-B680-4D28083DC7FC}"
EndProject
Project("{FAE04EC0-301F-11D3-BF4B-00C04F79EFBC}") = "EGreetings.Greeting.Application", "services\greeting\EGreetings.Greeting.Application\EGreetings.Greeting.Application.csproj", "{28C9C9CC-49BA-4983-AFD8-55C47DF02A1B}"
EndProject
Project("{FAE04EC0-301F-11D3-BF4B-00C04F79EFBC}") = "EGreetings.Greeting.Domain", "services\greeting\EGreetings.Greeting.Domain\EGreetings.Greeting.Domain.csproj", "{17027363-AF73-4ABD-B7B5-0894BE1AD40F}"
EndProject
Project("{FAE04EC0-301F-11D3-BF4B-00C04F79EFBC}") = "EGreetings.Greeting.Infrastructure", "services\greeting\EGreetings.Greeting.Infrastructure\EGreetings.Greeting.Infrastructure.csproj", "{0E8BB575-A6C1-4701-8D46-886F64719412}"
EndProject
Project("{FAE04EC0-301F-11D3-BF4B-00C04F79EFBC}") = "EGreetings.Admin.API", "services\admin\EGreetings.Admin.API\EGreetings.Admin.API.csproj", "{B0BF0EDF-5497-4506-B05F-338EAD4F9F67}"
EndProject
Project("{FAE04EC0-301F-11D3-BF4B-00C04F79EFBC}") = "EGreetings.Admin.Application", "services\admin\EGreetings.Admin.Application\EGreetings.Admin.Application.csproj", "{15394C09-0842-4FAC-8CC5-B0D6FB855A5F}"
EndProject
Project("{FAE04EC0-301F-11D3-BF4B-00C04F79EFBC}") = "EGreetings.Admin.Domain", "services\admin\EGreetings.Admin.Domain\EGreetings.Admin.Domain.csproj", "{DF023FE5-E6F1-4ED5-B7C0-ABCD06512DBC}"
EndProject
Project("{FAE04EC0-301F-11D3-BF4B-00C04F79EFBC}") = "EGreetings.Admin.Infrastructure", "services\admin\EGreetings.Admin.Infrastructure\EGreetings.Admin.Infrastructure.csproj", "{29A626E2-EF8D-4DE8-8E5F-1BD729164F7C}"
EndProject
Project("{2150E333-8FDC-42A3-9474-1A3956D46DE8}") = "gateway", "gateway", "{E7BDDBC6-9FD1-D1D7-ACD8-2C4F8E3D2461}"
EndProject
Project("{FAE04EC0-301F-11D3-BF4B-00C04F79EFBC}") = "EGreetings.Gateway", "gateway\EGreetings.Gateway\EGreetings.Gateway.csproj", "{A316B05F-9818-40E8-99BA-5362A91395E7}"
EndProject
Global
	GlobalSection(SolutionConfigurationPlatforms) = preSolution
		Debug|Any CPU = Debug|Any CPU
		Debug|x64 = Debug|x64
		Debug|x86 = Debug|x86
		Release|Any CPU = Release|Any CPU
		Release|x64 = Release|x64
		Release|x86 = Release|x86
	EndGlobalSection
	GlobalSection(ProjectConfigurationPlatforms) = postSolution
		{A1B2C3D4-0001-0000-0000-000000000001}.Debug|Any CPU.ActiveCfg = Debug|Any CPU
		{A1B2C3D4-0001-0000-0000-000000000001}.Debug|Any CPU.Build.0 = Debug|Any CPU
		{A1B2C3D4-0001-0000-0000-000000000001}.Debug|x64.ActiveCfg = Debug|Any CPU
		{A1B2C3D4-0001-0000-0000-000000000001}.Debug|x64.Build.0 = Debug|Any CPU
		{A1B2C3D4-0001-0000-0000-000000000001}.Debug|x86.ActiveCfg = Debug|Any CPU
		{A1B2C3D4-0001-0000-0000-000000000001}.Debug|x86.Build.0 = Debug|Any CPU
		{A1B2C3D4-0001-0000-0000-000000000001}.Release|Any CPU.ActiveCfg = Release|Any CPU
		{A1B2C3D4-0001-0000-0000-000000000001}.Release|Any CPU.Build.0 = Release|Any CPU
		{A1B2C3D4-0001-0000-0000-000000000001}.Release|x64.ActiveCfg = Release|Any CPU
		{A1B2C3D4-0001-0000-0000-000000000001}.Release|x64.Build.0 = Release|Any CPU
		{A1B2C3D4-0001-0000-0000-000000000001}.Release|x86.ActiveCfg = Release|Any CPU
		{A1B2C3D4-0001-0000-0000-000000000001}.Release|x86.Build.0 = Release|Any CPU
		{A1B2C3D4-0002-0000-0000-000000000002}.Debug|Any CPU.ActiveCfg = Debug|Any CPU
		{A1B2C3D4-0002-0000-0000-000000000002}.Debug|Any CPU.Build.0 = Debug|Any CPU
		{A1B2C3D4-0002-0000-0000-000000000002}.Debug|x64.ActiveCfg = Debug|Any CPU
		{A1B2C3D4-0002-0000-0000-000000000002}.Debug|x64.Build.0 = Debug|Any CPU
		{A1B2C3D4-0002-0000-0000-000000000002}.Debug|x86.ActiveCfg = Debug|Any CPU
		{A1B2C3D4-0002-0000-0000-000000000002}.Debug|x86.Build.0 = Debug|Any CPU
		{A1B2C3D4-0002-0000-0000-000000000002}.Release|Any CPU.ActiveCfg = Release|Any CPU
		{A1B2C3D4-0002-0000-0000-000000000002}.Release|Any CPU.Build.0 = Release|Any CPU
		{A1B2C3D4-0002-0000-0000-000000000002}.Release|x64.ActiveCfg = Release|Any CPU
		{A1B2C3D4-0002-0000-0000-000000000002}.Release|x64.Build.0 = Release|Any CPU
		{A1B2C3D4-0002-0000-0000-000000000002}.Release|x86.ActiveCfg = Release|Any CPU
		{A1B2C3D4-0002-0000-0000-000000000002}.Release|x86.Build.0 = Release|Any CPU
		{A1B2C3D4-0003-0000-0000-000000000003}.Debug|Any CPU.ActiveCfg = Debug|Any CPU
		{A1B2C3D4-0003-0000-0000-000000000003}.Debug|Any CPU.Build.0 = Debug|Any CPU
		{A1B2C3D4-0003-0000-0000-000000000003}.Debug|x64.ActiveCfg = Debug|Any CPU
		{A1B2C3D4-0003-0000-0000-000000000003}.Debug|x64.Build.0 = Debug|Any CPU
		{A1B2C3D4-0003-0000-0000-000000000003}.Debug|x86.ActiveCfg = Debug|Any CPU
		{A1B2C3D4-0003-0000-0000-000000000003}.Debug|x86.Build.0 = Debug|Any CPU
		{A1B2C3D4-0003-0000-0000-000000000003}.Release|Any CPU.ActiveCfg = Release|Any CPU
		{A1B2C3D4-0003-0000-0000-000000000003}.Release|Any CPU.Build.0 = Release|Any CPU
		{A1B2C3D4-0003-0000-0000-000000000003}.Release|x64.ActiveCfg = Release|Any CPU
		{A1B2C3D4-0003-0000-0000-000000000003}.Release|x64.Build.0 = Release|Any CPU
		{A1B2C3D4-0003-0000-0000-000000000003}.Release|x86.ActiveCfg = Release|Any CPU
		{A1B2C3D4-0003-0000-0000-000000000003}.Release|x86.Build.0 = Release|Any CPU
		{A1B2C3D4-0004-0000-0000-000000000004}.Debug|Any CPU.ActiveCfg = Debug|Any CPU
		{A1B2C3D4-0004-0000-0000-000000000004}.Debug|Any CPU.Build.0 = Debug|Any CPU
		{A1B2C3D4-0004-0000-0000-000000000004}.Debug|x64.ActiveCfg = Debug|Any CPU
		{A1B2C3D4-0004-0000-0000-000000000004}.Debug|x64.Build.0 = Debug|Any CPU
		{A1B2C3D4-0004-0000-0000-000000000004}.Debug|x86.ActiveCfg = Debug|Any CPU
		{A1B2C3D4-0004-0000-0000-000000000004}.Debug|x86.Build.0 = Debug|Any CPU
		{A1B2C3D4-0004-0000-0000-000000000004}.Release|Any CPU.ActiveCfg = Release|Any CPU
		{A1B2C3D4-0004-0000-0000-000000000004}.Release|Any CPU.Build.0 = Release|Any CPU
		{A1B2C3D4-0004-0000-0000-000000000004}.Release|x64.ActiveCfg = Release|Any CPU
		{A1B2C3D4-0004-0000-0000-000000000004}.Release|x64.Build.0 = Release|Any CPU
		{A1B2C3D4-0004-0000-0000-000000000004}.Release|x86.ActiveCfg = Release|Any CPU
		{A1B2C3D4-0004-0000-0000-000000000004}.Release|x86.Build.0 = Release|Any CPU
		{7ACF0310-CF05-444C-BEEC-E9ACB814A275}.Debug|Any CPU.ActiveCfg = Debug|Any CPU
		{7ACF0310-CF05-444C-BEEC-E9ACB814A275}.Debug|Any CPU.Build.0 = Debug|Any CPU
		{7ACF0310-CF05-444C-BEEC-E9ACB814A275}.Debug|x64.ActiveCfg = Debug|Any CPU
		{7ACF0310-CF05-444C-BEEC-E9ACB814A275}.Debug|x64.Build.0 = Debug|Any CPU
		{7ACF0310-CF05-444C-BEEC-E9ACB814A275}.Debug|x86.ActiveCfg = Debug|Any CPU
		{7ACF0310-CF05-444C-BEEC-E9ACB814A275}.Debug|x86.Build.0 = Debug|Any CPU
		{7ACF0310-CF05-444C-BEEC-E9ACB814A275}.Release|Any CPU.ActiveCfg = Release|Any CPU
		{7ACF0310-CF05-444C-BEEC-E9ACB814A275}.Release|Any CPU.Build.0 = Release|Any CPU
		{7ACF0310-CF05-444C-BEEC-E9ACB814A275}.Release|x64.ActiveCfg = Release|Any CPU
		{7ACF0310-CF05-444C-BEEC-E9ACB814A275}.Release|x64.Build.0 = Release|Any CPU
		{7ACF0310-CF05-444C-BEEC-E9ACB814A275}.Release|x86.ActiveCfg = Release|Any CPU
		{7ACF0310-CF05-444C-BEEC-E9ACB814A275}.Release|x86.Build.0 = Release|Any CPU
		{ACEC3B38-5248-4C6B-AF21-442DF73D21B7}.Debug|Any CPU.ActiveCfg = Debug|Any CPU
		{ACEC3B38-5248-4C6B-AF21-442DF73D21B7}.Debug|Any CPU.Build.0 = Debug|Any CPU
		{ACEC3B38-5248-4C6B-AF21-442DF73D21B7}.Debug|x64.ActiveCfg = Debug|Any CPU
		{ACEC3B38-5248-4C6B-AF21-442DF73D21B7}.Debug|x64.Build.0 = Debug|Any CPU
		{ACEC3B38-5248-4C6B-AF21-442DF73D21B7}.Debug|x86.ActiveCfg = Debug|Any CPU
		{ACEC3B38-5248-4C6B-AF21-442DF73D21B7}.Debug|x86.Build.0 = Debug|Any CPU
		{ACEC3B38-5248-4C6B-AF21-442DF73D21B7}.Release|Any CPU.ActiveCfg = Release|Any CPU
		{ACEC3B38-5248-4C6B-AF21-442DF73D21B7}.Release|Any CPU.Build.0 = Release|Any CPU
		{ACEC3B38-5248-4C6B-AF21-442DF73D21B7}.Release|x64.ActiveCfg = Release|Any CPU
		{ACEC3B38-5248-4C6B-AF21-442DF73D21B7}.Release|x64.Build.0 = Release|Any CPU
		{ACEC3B38-5248-4C6B-AF21-442DF73D21B7}.Release|x86.ActiveCfg = Release|Any CPU
		{ACEC3B38-5248-4C6B-AF21-442DF73D21B7}.Release|x86.Build.0 = Release|Any CPU
		{BE2EE0B0-CC20-48F2-8BBA-05718894A545}.Debug|Any CPU.ActiveCfg = Debug|Any CPU
		{BE2EE0B0-CC20-48F2-8BBA-05718894A545}.Debug|Any CPU.Build.0 = Debug|Any CPU
		{BE2EE0B0-CC20-48F2-8BBA-05718894A545}.Debug|x64.ActiveCfg = Debug|Any CPU
		{BE2EE0B0-CC20-48F2-8BBA-05718894A545}.Debug|x64.Build.0 = Debug|Any CPU
		{BE2EE0B0-CC20-48F2-8BBA-05718894A545}.Debug|x86.ActiveCfg = Debug|Any CPU
		{BE2EE0B0-CC20-48F2-8BBA-05718894A545}.Debug|x86.Build.0 = Debug|Any CPU
		{BE2EE0B0-CC20-48F2-8BBA-05718894A545}.Release|Any CPU.ActiveCfg = Release|Any CPU
		{BE2EE0B0-CC20-48F2-8BBA-05718894A545}.Release|Any CPU.Build.0 = Release|Any CPU
		{BE2EE0B0-CC20-48F2-8BBA-05718894A545}.Release|x64.ActiveCfg = Release|Any CPU
		{BE2EE0B0-CC20-48F2-8BBA-05718894A545}.Release|x64.Build.0 = Release|Any CPU
		{BE2EE0B0-CC20-48F2-8BBA-05718894A545}.Release|x86.ActiveCfg = Release|Any CPU
		{BE2EE0B0-CC20-48F2-8BBA-05718894A545}.Release|x86.Build.0 = Release|Any CPU
		{15F7E490-2381-4962-865C-A23674010C8C}.Debug|Any CPU.ActiveCfg = Debug|Any CPU
		{15F7E490-2381-4962-865C-A23674010C8C}.Debug|Any CPU.Build.0 = Debug|Any CPU
		{15F7E490-2381-4962-865C-A23674010C8C}.Debug|x64.ActiveCfg = Debug|Any CPU
		{15F7E490-2381-4962-865C-A23674010C8C}.Debug|x64.Build.0 = Debug|Any CPU
		{15F7E490-2381-4962-865C-A23674010C8C}.Debug|x86.ActiveCfg = Debug|Any CPU
		{15F7E490-2381-4962-865C-A23674010C8C}.Debug|x86.Build.0 = Debug|Any CPU
		{15F7E490-2381-4962-865C-A23674010C8C}.Release|Any CPU.ActiveCfg = Release|Any CPU
		{15F7E490-2381-4962-865C-A23674010C8C}.Release|Any CPU.Build.0 = Release|Any CPU
		{15F7E490-2381-4962-865C-A23674010C8C}.Release|x64.ActiveCfg = Release|Any CPU
		{15F7E490-2381-4962-865C-A23674010C8C}.Release|x64.Build.0 = Release|Any CPU
		{15F7E490-2381-4962-865C-A23674010C8C}.Release|x86.ActiveCfg = Release|Any CPU
		{15F7E490-2381-4962-865C-A23674010C8C}.Release|x86.Build.0 = Release|Any CPU
		{07E4F5D5-FA57-4F74-A46F-D6177CC4703D}.Debug|Any CPU.ActiveCfg = Debug|Any CPU
		{07E4F5D5-FA57-4F74-A46F-D6177CC4703D}.Debug|Any CPU.Build.0 = Debug|Any CPU
		{07E4F5D5-FA57-4F74-A46F-D6177CC4703D}.Debug|x64.ActiveCfg = Debug|Any CPU
		{07E4F5D5-FA57-4F74-A46F-D6177CC4703D}.Debug|x64.Build.0 = Debug|Any CPU
		{07E4F5D5-FA57-4F74-A46F-D6177CC4703D}.Debug|x86.ActiveCfg = Debug|Any CPU
		{07E4F5D5-FA57-4F74-A46F-D6177CC4703D}.Debug|x86.Build.0 = Debug|Any CPU
		{07E4F5D5-FA57-4F74-A46F-D6177CC4703D}.Release|Any CPU.ActiveCfg = Release|Any CPU
		{07E4F5D5-FA57-4F74-A46F-D6177CC4703D}.Release|Any CPU.Build.0 = Release|Any CPU
		{07E4F5D5-FA57-4F74-A46F-D6177CC4703D}.Release|x64.ActiveCfg = Release|Any CPU
		{07E4F5D5-FA57-4F74-A46F-D6177CC4703D}.Release|x64.Build.0 = Release|Any CPU
		{07E4F5D5-FA57-4F74-A46F-D6177CC4703D}.Release|x86.ActiveCfg = Release|Any CPU
		{07E4F5D5-FA57-4F74-A46F-D6177CC4703D}.Release|x86.Build.0 = Release|Any CPU
		{DD5B168F-8ADA-4757-9343-909710ADA221}.Debug|Any CPU.ActiveCfg = Debug|Any CPU
		{DD5B168F-8ADA-4757-9343-909710ADA221}.Debug|Any CPU.Build.0 = Debug|Any CPU
		{DD5B168F-8ADA-4757-9343-909710ADA221}.Debug|x64.ActiveCfg = Debug|Any CPU
		{DD5B168F-8ADA-4757-9343-909710ADA221}.Debug|x64.Build.0 = Debug|Any CPU
		{DD5B168F-8ADA-4757-9343-909710ADA221}.Debug|x86.ActiveCfg = Debug|Any CPU
		{DD5B168F-8ADA-4757-9343-909710ADA221}.Debug|x86.Build.0 = Debug|Any CPU
		{DD5B168F-8ADA-4757-9343-909710ADA221}.Release|Any CPU.ActiveCfg = Release|Any CPU
		{DD5B168F-8ADA-4757-9343-909710ADA221}.Release|Any CPU.Build.0 = Release|Any CPU
		{DD5B168F-8ADA-4757-9343-909710ADA221}.Release|x64.ActiveCfg = Release|Any CPU
		{DD5B168F-8ADA-4757-9343-909710ADA221}.Release|x64.Build.0 = Release|Any CPU
		{DD5B168F-8ADA-4757-9343-909710ADA221}.Release|x86.ActiveCfg = Release|Any CPU
		{DD5B168F-8ADA-4757-9343-909710ADA221}.Release|x86.Build.0 = Release|Any CPU
		{4F524BD1-8A6B-49DE-B05C-68143F71B970}.Debug|Any CPU.ActiveCfg = Debug|Any CPU
		{4F524BD1-8A6B-49DE-B05C-68143F71B970}.Debug|Any CPU.Build.0 = Debug|Any CPU
		{4F524BD1-8A6B-49DE-B05C-68143F71B970}.Debug|x64.ActiveCfg = Debug|Any CPU
		{4F524BD1-8A6B-49DE-B05C-68143F71B970}.Debug|x64.Build.0 = Debug|Any CPU
		{4F524BD1-8A6B-49DE-B05C-68143F71B970}.Debug|x86.ActiveCfg = Debug|Any CPU
		{4F524BD1-8A6B-49DE-B05C-68143F71B970}.Debug|x86.Build.0 = Debug|Any CPU
		{4F524BD1-8A6B-49DE-B05C-68143F71B970}.Release|Any CPU.ActiveCfg = Release|Any CPU
		{4F524BD1-8A6B-49DE-B05C-68143F71B970}.Release|Any CPU.Build.0 = Release|Any CPU
		{4F524BD1-8A6B-49DE-B05C-68143F71B970}.Release|x64.ActiveCfg = Release|Any CPU
		{4F524BD1-8A6B-49DE-B05C-68143F71B970}.Release|x64.Build.0 = Release|Any CPU
		{4F524BD1-8A6B-49DE-B05C-68143F71B970}.Release|x86.ActiveCfg = Release|Any CPU
		{4F524BD1-8A6B-49DE-B05C-68143F71B970}.Release|x86.Build.0 = Release|Any CPU
		{A4A1F295-3CC2-440E-A57A-6B21ED66CD1A}.Debug|Any CPU.ActiveCfg = Debug|Any CPU
		{A4A1F295-3CC2-440E-A57A-6B21ED66CD1A}.Debug|Any CPU.Build.0 = Debug|Any CPU
		{A4A1F295-3CC2-440E-A57A-6B21ED66CD1A}.Debug|x64.ActiveCfg = Debug|Any CPU
		{A4A1F295-3CC2-440E-A57A-6B21ED66CD1A}.Debug|x64.Build.0 = Debug|Any CPU
		{A4A1F295-3CC2-440E-A57A-6B21ED66CD1A}.Debug|x86.ActiveCfg = Debug|Any CPU
		{A4A1F295-3CC2-440E-A57A-6B21ED66CD1A}.Debug|x86.Build.0 = Debug|Any CPU
		{A4A1F295-3CC2-440E-A57A-6B21ED66CD1A}.Release|Any CPU.ActiveCfg = Release|Any CPU
		{A4A1F295-3CC2-440E-A57A-6B21ED66CD1A}.Release|Any CPU.Build.0 = Release|Any CPU
		{A4A1F295-3CC2-440E-A57A-6B21ED66CD1A}.Release|x64.ActiveCfg = Release|Any CPU
		{A4A1F295-3CC2-440E-A57A-6B21ED66CD1A}.Release|x64.Build.0 = Release|Any CPU
		{A4A1F295-3CC2-440E-A57A-6B21ED66CD1A}.Release|x86.ActiveCfg = Release|Any CPU
		{A4A1F295-3CC2-440E-A57A-6B21ED66CD1A}.Release|x86.Build.0 = Release|Any CPU
		{1C7F736F-1CAA-4C27-8CF4-333F861722F0}.Debug|Any CPU.ActiveCfg = Debug|Any CPU
		{1C7F736F-1CAA-4C27-8CF4-333F861722F0}.Debug|Any CPU.Build.0 = Debug|Any CPU
		{1C7F736F-1CAA-4C27-8CF4-333F861722F0}.Debug|x64.ActiveCfg = Debug|Any CPU
		{1C7F736F-1CAA-4C27-8CF4-333F861722F0}.Debug|x64.Build.0 = Debug|Any CPU
		{1C7F736F-1CAA-4C27-8CF4-333F861722F0}.Debug|x86.ActiveCfg = Debug|Any CPU
		{1C7F736F-1CAA-4C27-8CF4-333F861722F0}.Debug|x86.Build.0 = Debug|Any CPU
		{1C7F736F-1CAA-4C27-8CF4-333F861722F0}.Release|Any CPU.ActiveCfg = Release|Any CPU
		{1C7F736F-1CAA-4C27-8CF4-333F861722F0}.Release|Any CPU.Build.0 = Release|Any CPU
		{1C7F736F-1CAA-4C27-8CF4-333F861722F0}.Release|x64.ActiveCfg = Release|Any CPU
		{1C7F736F-1CAA-4C27-8CF4-333F861722F0}.Release|x64.Build.0 = Release|Any CPU
		{1C7F736F-1CAA-4C27-8CF4-333F861722F0}.Release|x86.ActiveCfg = Release|Any CPU
		{1C7F736F-1CAA-4C27-8CF4-333F861722F0}.Release|x86.Build.0 = Release|Any CPU
		{08D18CC2-9C89-4F8A-9A32-1EBE29537379}.Debug|Any CPU.ActiveCfg = Debug|Any CPU
		{08D18CC2-9C89-4F8A-9A32-1EBE29537379}.Debug|Any CPU.Build.0 = Debug|Any CPU
		{08D18CC2-9C89-4F8A-9A32-1EBE29537379}.Debug|x64.ActiveCfg = Debug|Any CPU
		{08D18CC2-9C89-4F8A-9A32-1EBE29537379}.Debug|x64.Build.0 = Debug|Any CPU
		{08D18CC2-9C89-4F8A-9A32-1EBE29537379}.Debug|x86.ActiveCfg = Debug|Any CPU
		{08D18CC2-9C89-4F8A-9A32-1EBE29537379}.Debug|x86.Build.0 = Debug|Any CPU
		{08D18CC2-9C89-4F8A-9A32-1EBE29537379}.Release|Any CPU.ActiveCfg = Release|Any CPU
		{08D18CC2-9C89-4F8A-9A32-1EBE29537379}.Release|Any CPU.Build.0 = Release|Any CPU
		{08D18CC2-9C89-4F8A-9A32-1EBE29537379}.Release|x64.ActiveCfg = Release|Any CPU
		{08D18CC2-9C89-4F8A-9A32-1EBE29537379}.Release|x64.Build.0 = Release|Any CPU
		{08D18CC2-9C89-4F8A-9A32-1EBE29537379}.Release|x86.ActiveCfg = Release|Any CPU
		{08D18CC2-9C89-4F8A-9A32-1EBE29537379}.Release|x86.Build.0 = Release|Any CPU
		{14BFDF8D-3D5C-44FD-860F-1B3581A949D9}.Debug|Any CPU.ActiveCfg = Debug|Any CPU
		{14BFDF8D-3D5C-44FD-860F-1B3581A949D9}.Debug|Any CPU.Build.0 = Debug|Any CPU
		{14BFDF8D-3D5C-44FD-860F-1B3581A949D9}.Debug|x64.ActiveCfg = Debug|Any CPU
		{14BFDF8D-3D5C-44FD-860F-1B3581A949D9}.Debug|x64.Build.0 = Debug|Any CPU
		{14BFDF8D-3D5C-44FD-860F-1B3581A949D9}.Debug|x86.ActiveCfg = Debug|Any CPU
		{14BFDF8D-3D5C-44FD-860F-1B3581A949D9}.Debug|x86.Build.0 = Debug|Any CPU
		{14BFDF8D-3D5C-44FD-860F-1B3581A949D9}.Release|Any CPU.ActiveCfg = Release|Any CPU
		{14BFDF8D-3D5C-44FD-860F-1B3581A949D9}.Release|Any CPU.Build.0 = Release|Any CPU
		{14BFDF8D-3D5C-44FD-860F-1B3581A949D9}.Release|x64.ActiveCfg = Release|Any CPU
		{14BFDF8D-3D5C-44FD-860F-1B3581A949D9}.Release|x64.Build.0 = Release|Any CPU
		{14BFDF8D-3D5C-44FD-860F-1B3581A949D9}.Release|x86.ActiveCfg = Release|Any CPU
		{14BFDF8D-3D5C-44FD-860F-1B3581A949D9}.Release|x86.Build.0 = Release|Any CPU
		{5A402D54-1398-4B8D-81EF-1531FB0F892A}.Debug|Any CPU.ActiveCfg = Debug|Any CPU
		{5A402D54-1398-4B8D-81EF-1531FB0F892A}.Debug|Any CPU.Build.0 = Debug|Any CPU
		{5A402D54-1398-4B8D-81EF-1531FB0F892A}.Debug|x64.ActiveCfg = Debug|Any CPU
		{5A402D54-1398-4B8D-81EF-1531FB0F892A}.Debug|x64.Build.0 = Debug|Any CPU
		{5A402D54-1398-4B8D-81EF-1531FB0F892A}.Debug|x86.ActiveCfg = Debug|Any CPU
		{5A402D54-1398-4B8D-81EF-1531FB0F892A}.Debug|x86.Build.0 = Debug|Any CPU
		{5A402D54-1398-4B8D-81EF-1531FB0F892A}.Release|Any CPU.ActiveCfg = Release|Any CPU
		{5A402D54-1398-4B8D-81EF-1531FB0F892A}.Release|Any CPU.Build.0 = Release|Any CPU
		{5A402D54-1398-4B8D-81EF-1531FB0F892A}.Release|x64.ActiveCfg = Release|Any CPU
		{5A402D54-1398-4B8D-81EF-1531FB0F892A}.Release|x64.Build.0 = Release|Any CPU
		{5A402D54-1398-4B8D-81EF-1531FB0F892A}.Release|x86.ActiveCfg = Release|Any CPU
		{5A402D54-1398-4B8D-81EF-1531FB0F892A}.Release|x86.Build.0 = Release|Any CPU
		{F0283775-FCF7-40FF-A84F-A81F753CE80C}.Debug|Any CPU.ActiveCfg = Debug|Any CPU
		{F0283775-FCF7-40FF-A84F-A81F753CE80C}.Debug|Any CPU.Build.0 = Debug|Any CPU
		{F0283775-FCF7-40FF-A84F-A81F753CE80C}.Debug|x64.ActiveCfg = Debug|Any CPU
		{F0283775-FCF7-40FF-A84F-A81F753CE80C}.Debug|x64.Build.0 = Debug|Any CPU
		{F0283775-FCF7-40FF-A84F-A81F753CE80C}.Debug|x86.ActiveCfg = Debug|Any CPU
		{F0283775-FCF7-40FF-A84F-A81F753CE80C}.Debug|x86.Build.0 = Debug|Any CPU
		{F0283775-FCF7-40FF-A84F-A81F753CE80C}.Release|Any CPU.ActiveCfg = Release|Any CPU
		{F0283775-FCF7-40FF-A84F-A81F753CE80C}.Release|Any CPU.Build.0 = Release|Any CPU
		{F0283775-FCF7-40FF-A84F-A81F753CE80C}.Release|x64.ActiveCfg = Release|Any CPU
		{F0283775-FCF7-40FF-A84F-A81F753CE80C}.Release|x64.Build.0 = Release|Any CPU
		{F0283775-FCF7-40FF-A84F-A81F753CE80C}.Release|x86.ActiveCfg = Release|Any CPU
		{F0283775-FCF7-40FF-A84F-A81F753CE80C}.Release|x86.Build.0 = Release|Any CPU
		{860B2E64-247B-44B1-B49F-9CD84653A08A}.Debug|Any CPU.ActiveCfg = Debug|Any CPU
		{860B2E64-247B-44B1-B49F-9CD84653A08A}.Debug|Any CPU.Build.0 = Debug|Any CPU
		{860B2E64-247B-44B1-B49F-9CD84653A08A}.Debug|x64.ActiveCfg = Debug|Any CPU
		{860B2E64-247B-44B1-B49F-9CD84653A08A}.Debug|x64.Build.0 = Debug|Any CPU
		{860B2E64-247B-44B1-B49F-9CD84653A08A}.Debug|x86.ActiveCfg = Debug|Any CPU
		{860B2E64-247B-44B1-B49F-9CD84653A08A}.Debug|x86.Build.0 = Debug|Any CPU
		{860B2E64-247B-44B1-B49F-9CD84653A08A}.Release|Any CPU.ActiveCfg = Release|Any CPU
		{860B2E64-247B-44B1-B49F-9CD84653A08A}.Release|Any CPU.Build.0 = Release|Any CPU
		{860B2E64-247B-44B1-B49F-9CD84653A08A}.Release|x64.ActiveCfg = Release|Any CPU
		{860B2E64-247B-44B1-B49F-9CD84653A08A}.Release|x64.Build.0 = Release|Any CPU
		{860B2E64-247B-44B1-B49F-9CD84653A08A}.Release|x86.ActiveCfg = Release|Any CPU
		{860B2E64-247B-44B1-B49F-9CD84653A08A}.Release|x86.Build.0 = Release|Any CPU
		{DE9E367F-F3F4-4AE0-BF84-AE1F8C0A7A54}.Debug|Any CPU.ActiveCfg = Debug|Any CPU
		{DE9E367F-F3F4-4AE0-BF84-AE1F8C0A7A54}.Debug|Any CPU.Build.0 = Debug|Any CPU
		{DE9E367F-F3F4-4AE0-BF84-AE1F8C0A7A54}.Debug|x64.ActiveCfg = Debug|Any CPU
		{DE9E367F-F3F4-4AE0-BF84-AE1F8C0A7A54}.Debug|x64.Build.0 = Debug|Any CPU
		{DE9E367F-F3F4-4AE0-BF84-AE1F8C0A7A54}.Debug|x86.ActiveCfg = Debug|Any CPU
		{DE9E367F-F3F4-4AE0-BF84-AE1F8C0A7A54}.Debug|x86.Build.0 = Debug|Any CPU
		{DE9E367F-F3F4-4AE0-BF84-AE1F8C0A7A54}.Release|Any CPU.ActiveCfg = Release|Any CPU
		{DE9E367F-F3F4-4AE0-BF84-AE1F8C0A7A54}.Release|Any CPU.Build.0 = Release|Any CPU
		{DE9E367F-F3F4-4AE0-BF84-AE1F8C0A7A54}.Release|x64.ActiveCfg = Release|Any CPU
		{DE9E367F-F3F4-4AE0-BF84-AE1F8C0A7A54}.Release|x64.Build.0 = Release|Any CPU
		{DE9E367F-F3F4-4AE0-BF84-AE1F8C0A7A54}.Release|x86.ActiveCfg = Release|Any CPU
		{DE9E367F-F3F4-4AE0-BF84-AE1F8C0A7A54}.Release|x86.Build.0 = Release|Any CPU
		{2CDE6FA5-BFC7-410C-9A3E-AE69CB26970C}.Debug|Any CPU.ActiveCfg = Debug|Any CPU
		{2CDE6FA5-BFC7-410C-9A3E-AE69CB26970C}.Debug|Any CPU.Build.0 = Debug|Any CPU
		{2CDE6FA5-BFC7-410C-9A3E-AE69CB26970C}.Debug|x64.ActiveCfg = Debug|Any CPU
		{2CDE6FA5-BFC7-410C-9A3E-AE69CB26970C}.Debug|x64.Build.0 = Debug|Any CPU
		{2CDE6FA5-BFC7-410C-9A3E-AE69CB26970C}.Debug|x86.ActiveCfg = Debug|Any CPU
		{2CDE6FA5-BFC7-410C-9A3E-AE69CB26970C}.Debug|x86.Build.0 = Debug|Any CPU
		{2CDE6FA5-BFC7-410C-9A3E-AE69CB26970C}.Release|Any CPU.ActiveCfg = Release|Any CPU
		{2CDE6FA5-BFC7-410C-9A3E-AE69CB26970C}.Release|Any CPU.Build.0 = Release|Any CPU
		{2CDE6FA5-BFC7-410C-9A3E-AE69CB26970C}.Release|x64.ActiveCfg = Release|Any CPU
		{2CDE6FA5-BFC7-410C-9A3E-AE69CB26970C}.Release|x64.Build.0 = Release|Any CPU
		{2CDE6FA5-BFC7-410C-9A3E-AE69CB26970C}.Release|x86.ActiveCfg = Release|Any CPU
		{2CDE6FA5-BFC7-410C-9A3E-AE69CB26970C}.Release|x86.Build.0 = Release|Any CPU
		{CFF8C59B-C934-49BD-83C0-CD1E5E684BF6}.Debug|Any CPU.ActiveCfg = Debug|Any CPU
		{CFF8C59B-C934-49BD-83C0-CD1E5E684BF6}.Debug|Any CPU.Build.0 = Debug|Any CPU
		{CFF8C59B-C934-49BD-83C0-CD1E5E684BF6}.Debug|x64.ActiveCfg = Debug|Any CPU
		{CFF8C59B-C934-49BD-83C0-CD1E5E684BF6}.Debug|x64.Build.0 = Debug|Any CPU
		{CFF8C59B-C934-49BD-83C0-CD1E5E684BF6}.Debug|x86.ActiveCfg = Debug|Any CPU
		{CFF8C59B-C934-49BD-83C0-CD1E5E684BF6}.Debug|x86.Build.0 = Debug|Any CPU
		{CFF8C59B-C934-49BD-83C0-CD1E5E684BF6}.Release|Any CPU.ActiveCfg = Release|Any CPU
		{CFF8C59B-C934-49BD-83C0-CD1E5E684BF6}.Release|Any CPU.Build.0 = Release|Any CPU
		{CFF8C59B-C934-49BD-83C0-CD1E5E684BF6}.Release|x64.ActiveCfg = Release|Any CPU
		{CFF8C59B-C934-49BD-83C0-CD1E5E684BF6}.Release|x64.Build.0 = Release|Any CPU
		{CFF8C59B-C934-49BD-83C0-CD1E5E684BF6}.Release|x86.ActiveCfg = Release|Any CPU
		{CFF8C59B-C934-49BD-83C0-CD1E5E684BF6}.Release|x86.Build.0 = Release|Any CPU
		{E4D926D1-04CC-4BD4-8C98-743F891D196D}.Debug|Any CPU.ActiveCfg = Debug|Any CPU
		{E4D926D1-04CC-4BD4-8C98-743F891D196D}.Debug|Any CPU.Build.0 = Debug|Any CPU
		{E4D926D1-04CC-4BD4-8C98-743F891D196D}.Debug|x64.ActiveCfg = Debug|Any CPU
		{E4D926D1-04CC-4BD4-8C98-743F891D196D}.Debug|x64.Build.0 = Debug|Any CPU
		{E4D926D1-04CC-4BD4-8C98-743F891D196D}.Debug|x86.ActiveCfg = Debug|Any CPU
		{E4D926D1-04CC-4BD4-8C98-743F891D196D}.Debug|x86.Build.0 = Debug|Any CPU
		{E4D926D1-04CC-4BD4-8C98-743F891D196D}.Release|Any CPU.ActiveCfg = Release|Any CPU
		{E4D926D1-04CC-4BD4-8C98-743F891D196D}.Release|Any CPU.Build.0 = Release|Any CPU
		{E4D926D1-04CC-4BD4-8C98-743F891D196D}.Release|x64.ActiveCfg = Release|Any CPU
		{E4D926D1-04CC-4BD4-8C98-743F891D196D}.Release|x64.Build.0 = Release|Any CPU
		{E4D926D1-04CC-4BD4-8C98-743F891D196D}.Release|x86.ActiveCfg = Release|Any CPU
		{E4D926D1-04CC-4BD4-8C98-743F891D196D}.Release|x86.Build.0 = Release|Any CPU
		{69BF9952-7B11-4D22-8ECD-C2EDC2EF2B34}.Debug|Any CPU.ActiveCfg = Debug|Any CPU
		{69BF9952-7B11-4D22-8ECD-C2EDC2EF2B34}.Debug|Any CPU.Build.0 = Debug|Any CPU
		{69BF9952-7B11-4D22-8ECD-C2EDC2EF2B34}.Debug|x64.ActiveCfg = Debug|Any CPU
		{69BF9952-7B11-4D22-8ECD-C2EDC2EF2B34}.Debug|x64.Build.0 = Debug|Any CPU
		{69BF9952-7B11-4D22-8ECD-C2EDC2EF2B34}.Debug|x86.ActiveCfg = Debug|Any CPU
		{69BF9952-7B11-4D22-8ECD-C2EDC2EF2B34}.Debug|x86.Build.0 = Debug|Any CPU
		{69BF9952-7B11-4D22-8ECD-C2EDC2EF2B34}.Release|Any CPU.ActiveCfg = Release|Any CPU
		{69BF9952-7B11-4D22-8ECD-C2EDC2EF2B34}.Release|Any CPU.Build.0 = Release|Any CPU
		{69BF9952-7B11-4D22-8ECD-C2EDC2EF2B34}.Release|x64.ActiveCfg = Release|Any CPU
		{69BF9952-7B11-4D22-8ECD-C2EDC2EF2B34}.Release|x64.Build.0 = Release|Any CPU
		{69BF9952-7B11-4D22-8ECD-C2EDC2EF2B34}.Release|x86.ActiveCfg = Release|Any CPU
		{69BF9952-7B11-4D22-8ECD-C2EDC2EF2B34}.Release|x86.Build.0 = Release|Any CPU
		{89C94B0A-9FEA-4C58-AE80-1FA8605B8239}.Debug|Any CPU.ActiveCfg = Debug|Any CPU
		{89C94B0A-9FEA-4C58-AE80-1FA8605B8239}.Debug|Any CPU.Build.0 = Debug|Any CPU
		{89C94B0A-9FEA-4C58-AE80-1FA8605B8239}.Debug|x64.ActiveCfg = Debug|Any CPU
		{89C94B0A-9FEA-4C58-AE80-1FA8605B8239}.Debug|x64.Build.0 = Debug|Any CPU
		{89C94B0A-9FEA-4C58-AE80-1FA8605B8239}.Debug|x86.ActiveCfg = Debug|Any CPU
		{89C94B0A-9FEA-4C58-AE80-1FA8605B8239}.Debug|x86.Build.0 = Debug|Any CPU
		{89C94B0A-9FEA-4C58-AE80-1FA8605B8239}.Release|Any CPU.ActiveCfg = Release|Any CPU
		{89C94B0A-9FEA-4C58-AE80-1FA8605B8239}.Release|Any CPU.Build.0 = Release|Any CPU
		{89C94B0A-9FEA-4C58-AE80-1FA8605B8239}.Release|x64.ActiveCfg = Release|Any CPU
		{89C94B0A-9FEA-4C58-AE80-1FA8605B8239}.Release|x64.Build.0 = Release|Any CPU
		{89C94B0A-9FEA-4C58-AE80-1FA8605B8239}.Release|x86.ActiveCfg = Release|Any CPU
		{89C94B0A-9FEA-4C58-AE80-1FA8605B8239}.Release|x86.Build.0 = Release|Any CPU
		{A85A78B5-D5C4-42B0-9062-A0BBB0F72395}.Debug|Any CPU.ActiveCfg = Debug|Any CPU
		{A85A78B5-D5C4-42B0-9062-A0BBB0F72395}.Debug|Any CPU.Build.0 = Debug|Any CPU
		{A85A78B5-D5C4-42B0-9062-A0BBB0F72395}.Debug|x64.ActiveCfg = Debug|Any CPU
		{A85A78B5-D5C4-42B0-9062-A0BBB0F72395}.Debug|x64.Build.0 = Debug|Any CPU
		{A85A78B5-D5C4-42B0-9062-A0BBB0F72395}.Debug|x86.ActiveCfg = Debug|Any CPU
		{A85A78B5-D5C4-42B0-9062-A0BBB0F72395}.Debug|x86.Build.0 = Debug|Any CPU
		{A85A78B5-D5C4-42B0-9062-A0BBB0F72395}.Release|Any CPU.ActiveCfg = Release|Any CPU
		{A85A78B5-D5C4-42B0-9062-A0BBB0F72395}.Release|Any CPU.Build.0 = Release|Any CPU
		{A85A78B5-D5C4-42B0-9062-A0BBB0F72395}.Release|x64.ActiveCfg = Release|Any CPU
		{A85A78B5-D5C4-42B0-9062-A0BBB0F72395}.Release|x64.Build.0 = Release|Any CPU
		{A85A78B5-D5C4-42B0-9062-A0BBB0F72395}.Release|x86.ActiveCfg = Release|Any CPU
		{A85A78B5-D5C4-42B0-9062-A0BBB0F72395}.Release|x86.Build.0 = Release|Any CPU
		{8D26D2CC-9177-4A88-B837-D7E813FB0135}.Debug|Any CPU.ActiveCfg = Debug|Any CPU
		{8D26D2CC-9177-4A88-B837-D7E813FB0135}.Debug|Any CPU.Build.0 = Debug|Any CPU
		{8D26D2CC-9177-4A88-B837-D7E813FB0135}.Debug|x64.ActiveCfg = Debug|Any CPU
		{8D26D2CC-9177-4A88-B837-D7E813FB0135}.Debug|x64.Build.0 = Debug|Any CPU
		{8D26D2CC-9177-4A88-B837-D7E813FB0135}.Debug|x86.ActiveCfg = Debug|Any CPU
		{8D26D2CC-9177-4A88-B837-D7E813FB0135}.Debug|x86.Build.0 = Debug|Any CPU
		{8D26D2CC-9177-4A88-B837-D7E813FB0135}.Release|Any CPU.ActiveCfg = Release|Any CPU
		{8D26D2CC-9177-4A88-B837-D7E813FB0135}.Release|Any CPU.Build.0 = Release|Any CPU
		{8D26D2CC-9177-4A88-B837-D7E813FB0135}.Release|x64.ActiveCfg = Release|Any CPU
		{8D26D2CC-9177-4A88-B837-D7E813FB0135}.Release|x64.Build.0 = Release|Any CPU
		{8D26D2CC-9177-4A88-B837-D7E813FB0135}.Release|x86.ActiveCfg = Release|Any CPU
		{8D26D2CC-9177-4A88-B837-D7E813FB0135}.Release|x86.Build.0 = Release|Any CPU
		{2DCBE71E-AC67-4EE7-B610-733821C6D2E7}.Debug|Any CPU.ActiveCfg = Debug|Any CPU
		{2DCBE71E-AC67-4EE7-B610-733821C6D2E7}.Debug|Any CPU.Build.0 = Debug|Any CPU
		{2DCBE71E-AC67-4EE7-B610-733821C6D2E7}.Debug|x64.ActiveCfg = Debug|Any CPU
		{2DCBE71E-AC67-4EE7-B610-733821C6D2E7}.Debug|x64.Build.0 = Debug|Any CPU
		{2DCBE71E-AC67-4EE7-B610-733821C6D2E7}.Debug|x86.ActiveCfg = Debug|Any CPU
		{2DCBE71E-AC67-4EE7-B610-733821C6D2E7}.Debug|x86.Build.0 = Debug|Any CPU
		{2DCBE71E-AC67-4EE7-B610-733821C6D2E7}.Release|Any CPU.ActiveCfg = Release|Any CPU
		{2DCBE71E-AC67-4EE7-B610-733821C6D2E7}.Release|Any CPU.Build.0 = Release|Any CPU
		{2DCBE71E-AC67-4EE7-B610-733821C6D2E7}.Release|x64.ActiveCfg = Release|Any CPU
		{2DCBE71E-AC67-4EE7-B610-733821C6D2E7}.Release|x64.Build.0 = Release|Any CPU
		{2DCBE71E-AC67-4EE7-B610-733821C6D2E7}.Release|x86.ActiveCfg = Release|Any CPU
		{2DCBE71E-AC67-4EE7-B610-733821C6D2E7}.Release|x86.Build.0 = Release|Any CPU
		{36D16695-98DE-48A1-B680-4D28083DC7FC}.Debug|Any CPU.ActiveCfg = Debug|Any CPU
		{36D16695-98DE-48A1-B680-4D28083DC7FC}.Debug|Any CPU.Build.0 = Debug|Any CPU
		{36D16695-98DE-48A1-B680-4D28083DC7FC}.Debug|x64.ActiveCfg = Debug|Any CPU
		{36D16695-98DE-48A1-B680-4D28083DC7FC}.Debug|x64.Build.0 = Debug|Any CPU
		{36D16695-98DE-48A1-B680-4D28083DC7FC}.Debug|x86.ActiveCfg = Debug|Any CPU
		{36D16695-98DE-48A1-B680-4D28083DC7FC}.Debug|x86.Build.0 = Debug|Any CPU
		{36D16695-98DE-48A1-B680-4D28083DC7FC}.Release|Any CPU.ActiveCfg = Release|Any CPU
		{36D16695-98DE-48A1-B680-4D28083DC7FC}.Release|Any CPU.Build.0 = Release|Any CPU
		{36D16695-98DE-48A1-B680-4D28083DC7FC}.Release|x64.ActiveCfg = Release|Any CPU
		{36D16695-98DE-48A1-B680-4D28083DC7FC}.Release|x64.Build.0 = Release|Any CPU
		{36D16695-98DE-48A1-B680-4D28083DC7FC}.Release|x86.ActiveCfg = Release|Any CPU
		{36D16695-98DE-48A1-B680-4D28083DC7FC}.Release|x86.Build.0 = Release|Any CPU
		{28C9C9CC-49BA-4983-AFD8-55C47DF02A1B}.Debug|Any CPU.ActiveCfg = Debug|Any CPU
		{28C9C9CC-49BA-4983-AFD8-55C47DF02A1B}.Debug|Any CPU.Build.0 = Debug|Any CPU
		{28C9C9CC-49BA-4983-AFD8-55C47DF02A1B}.Debug|x64.ActiveCfg = Debug|Any CPU
		{28C9C9CC-49BA-4983-AFD8-55C47DF02A1B}.Debug|x64.Build.0 = Debug|Any CPU
		{28C9C9CC-49BA-4983-AFD8-55C47DF02A1B}.Debug|x86.ActiveCfg = Debug|Any CPU
		{28C9C9CC-49BA-4983-AFD8-55C47DF02A1B}.Debug|x86.Build.0 = Debug|Any CPU
		{28C9C9CC-49BA-4983-AFD8-55C47DF02A1B}.Release|Any CPU.ActiveCfg = Release|Any CPU
		{28C9C9CC-49BA-4983-AFD8-55C47DF02A1B}.Release|Any CPU.Build.0 = Release|Any CPU
		{28C9C9CC-49BA-4983-AFD8-55C47DF02A1B}.Release|x64.ActiveCfg = Release|Any CPU
		{28C9C9CC-49BA-4983-AFD8-55C47DF02A1B}.Release|x64.Build.0 = Release|Any CPU
		{28C9C9CC-49BA-4983-AFD8-55C47DF02A1B}.Release|x86.ActiveCfg = Release|Any CPU
		{28C9C9CC-49BA-4983-AFD8-55C47DF02A1B}.Release|x86.Build.0 = Release|Any CPU
		{17027363-AF73-4ABD-B7B5-0894BE1AD40F}.Debug|Any CPU.ActiveCfg = Debug|Any CPU
		{17027363-AF73-4ABD-B7B5-0894BE1AD40F}.Debug|Any CPU.Build.0 = Debug|Any CPU
		{17027363-AF73-4ABD-B7B5-0894BE1AD40F}.Debug|x64.ActiveCfg = Debug|Any CPU
		{17027363-AF73-4ABD-B7B5-0894BE1AD40F}.Debug|x64.Build.0 = Debug|Any CPU
		{17027363-AF73-4ABD-B7B5-0894BE1AD40F}.Debug|x86.ActiveCfg = Debug|Any CPU
		{17027363-AF73-4ABD-B7B5-0894BE1AD40F}.Debug|x86.Build.0 = Debug|Any CPU
		{17027363-AF73-4ABD-B7B5-0894BE1AD40F}.Release|Any CPU.ActiveCfg = Release|Any CPU
		{17027363-AF73-4ABD-B7B5-0894BE1AD40F}.Release|Any CPU.Build.0 = Release|Any CPU
		{17027363-AF73-4ABD-B7B5-0894BE1AD40F}.Release|x64.ActiveCfg = Release|Any CPU
		{17027363-AF73-4ABD-B7B5-0894BE1AD40F}.Release|x64.Build.0 = Release|Any CPU
		{17027363-AF73-4ABD-B7B5-0894BE1AD40F}.Release|x86.ActiveCfg = Release|Any CPU
		{17027363-AF73-4ABD-B7B5-0894BE1AD40F}.Release|x86.Build.0 = Release|Any CPU
		{0E8BB575-A6C1-4701-8D46-886F64719412}.Debug|Any CPU.ActiveCfg = Debug|Any CPU
		{0E8BB575-A6C1-4701-8D46-886F64719412}.Debug|Any CPU.Build.0 = Debug|Any CPU
		{0E8BB575-A6C1-4701-8D46-886F64719412}.Debug|x64.ActiveCfg = Debug|Any CPU
		{0E8BB575-A6C1-4701-8D46-886F64719412}.Debug|x64.Build.0 = Debug|Any CPU
		{0E8BB575-A6C1-4701-8D46-886F64719412}.Debug|x86.ActiveCfg = Debug|Any CPU
		{0E8BB575-A6C1-4701-8D46-886F64719412}.Debug|x86.Build.0 = Debug|Any CPU
		{0E8BB575-A6C1-4701-8D46-886F64719412}.Release|Any CPU.ActiveCfg = Release|Any CPU
		{0E8BB575-A6C1-4701-8D46-886F64719412}.Release|Any CPU.Build.0 = Release|Any CPU
		{0E8BB575-A6C1-4701-8D46-886F64719412}.Release|x64.ActiveCfg = Release|Any CPU
		{0E8BB575-A6C1-4701-8D46-886F64719412}.Release|x64.Build.0 = Release|Any CPU
		{0E8BB575-A6C1-4701-8D46-886F64719412}.Release|x86.ActiveCfg = Release|Any CPU
		{0E8BB575-A6C1-4701-8D46-886F64719412}.Release|x86.Build.0 = Release|Any CPU
		{B0BF0EDF-5497-4506-B05F-338EAD4F9F67}.Debug|Any CPU.ActiveCfg = Debug|Any CPU
		{B0BF0EDF-5497-4506-B05F-338EAD4F9F67}.Debug|Any CPU.Build.0 = Debug|Any CPU
		{B0BF0EDF-5497-4506-B05F-338EAD4F9F67}.Debug|x64.ActiveCfg = Debug|Any CPU
		{B0BF0EDF-5497-4506-B05F-338EAD4F9F67}.Debug|x64.Build.0 = Debug|Any CPU
		{B0BF0EDF-5497-4506-B05F-338EAD4F9F67}.Debug|x86.ActiveCfg = Debug|Any CPU
		{B0BF0EDF-5497-4506-B05F-338EAD4F9F67}.Debug|x86.Build.0 = Debug|Any CPU
		{B0BF0EDF-5497-4506-B05F-338EAD4F9F67}.Release|Any CPU.ActiveCfg = Release|Any CPU
		{B0BF0EDF-5497-4506-B05F-338EAD4F9F67}.Release|Any CPU.Build.0 = Release|Any CPU
		{B0BF0EDF-5497-4506-B05F-338EAD4F9F67}.Release|x64.ActiveCfg = Release|Any CPU
		{B0BF0EDF-5497-4506-B05F-338EAD4F9F67}.Release|x64.Build.0 = Release|Any CPU
		{B0BF0EDF-5497-4506-B05F-338EAD4F9F67}.Release|x86.ActiveCfg = Release|Any CPU
		{B0BF0EDF-5497-4506-B05F-338EAD4F9F67}.Release|x86.Build.0 = Release|Any CPU
		{15394C09-0842-4FAC-8CC5-B0D6FB855A5F}.Debug|Any CPU.ActiveCfg = Debug|Any CPU
		{15394C09-0842-4FAC-8CC5-B0D6FB855A5F}.Debug|Any CPU.Build.0 = Debug|Any CPU
		{15394C09-0842-4FAC-8CC5-B0D6FB855A5F}.Debug|x64.ActiveCfg = Debug|Any CPU
		{15394C09-0842-4FAC-8CC5-B0D6FB855A5F}.Debug|x64.Build.0 = Debug|Any CPU
		{15394C09-0842-4FAC-8CC5-B0D6FB855A5F}.Debug|x86.ActiveCfg = Debug|Any CPU
		{15394C09-0842-4FAC-8CC5-B0D6FB855A5F}.Debug|x86.Build.0 = Debug|Any CPU
		{15394C09-0842-4FAC-8CC5-B0D6FB855A5F}.Release|Any CPU.ActiveCfg = Release|Any CPU
		{15394C09-0842-4FAC-8CC5-B0D6FB855A5F}.Release|Any CPU.Build.0 = Release|Any CPU
		{15394C09-0842-4FAC-8CC5-B0D6FB855A5F}.Release|x64.ActiveCfg = Release|Any CPU
		{15394C09-0842-4FAC-8CC5-B0D6FB855A5F}.Release|x64.Build.0 = Release|Any CPU
		{15394C09-0842-4FAC-8CC5-B0D6FB855A5F}.Release|x86.ActiveCfg = Release|Any CPU
		{15394C09-0842-4FAC-8CC5-B0D6FB855A5F}.Release|x86.Build.0 = Release|Any CPU
		{DF023FE5-E6F1-4ED5-B7C0-ABCD06512DBC}.Debug|Any CPU.ActiveCfg = Debug|Any CPU
		{DF023FE5-E6F1-4ED5-B7C0-ABCD06512DBC}.Debug|Any CPU.Build.0 = Debug|Any CPU
		{DF023FE5-E6F1-4ED5-B7C0-ABCD06512DBC}.Debug|x64.ActiveCfg = Debug|Any CPU
		{DF023FE5-E6F1-4ED5-B7C0-ABCD06512DBC}.Debug|x64.Build.0 = Debug|Any CPU
		{DF023FE5-E6F1-4ED5-B7C0-ABCD06512DBC}.Debug|x86.ActiveCfg = Debug|Any CPU
		{DF023FE5-E6F1-4ED5-B7C0-ABCD06512DBC}.Debug|x86.Build.0 = Debug|Any CPU
		{DF023FE5-E6F1-4ED5-B7C0-ABCD06512DBC}.Release|Any CPU.ActiveCfg = Release|Any CPU
		{DF023FE5-E6F1-4ED5-B7C0-ABCD06512DBC}.Release|Any CPU.Build.0 = Release|Any CPU
		{DF023FE5-E6F1-4ED5-B7C0-ABCD06512DBC}.Release|x64.ActiveCfg = Release|Any CPU
		{DF023FE5-E6F1-4ED5-B7C0-ABCD06512DBC}.Release|x64.Build.0 = Release|Any CPU
		{DF023FE5-E6F1-4ED5-B7C0-ABCD06512DBC}.Release|x86.ActiveCfg = Release|Any CPU
		{DF023FE5-E6F1-4ED5-B7C0-ABCD06512DBC}.Release|x86.Build.0 = Release|Any CPU
		{29A626E2-EF8D-4DE8-8E5F-1BD729164F7C}.Debug|Any CPU.ActiveCfg = Debug|Any CPU
		{29A626E2-EF8D-4DE8-8E5F-1BD729164F7C}.Debug|Any CPU.Build.0 = Debug|Any CPU
		{29A626E2-EF8D-4DE8-8E5F-1BD729164F7C}.Debug|x64.ActiveCfg = Debug|Any CPU
		{29A626E2-EF8D-4DE8-8E5F-1BD729164F7C}.Debug|x64.Build.0 = Debug|Any CPU
		{29A626E2-EF8D-4DE8-8E5F-1BD729164F7C}.Debug|x86.ActiveCfg = Debug|Any CPU
		{29A626E2-EF8D-4DE8-8E5F-1BD729164F7C}.Debug|x86.Build.0 = Debug|Any CPU
		{29A626E2-EF8D-4DE8-8E5F-1BD729164F7C}.Release|Any CPU.ActiveCfg = Release|Any CPU
		{29A626E2-EF8D-4DE8-8E5F-1BD729164F7C}.Release|Any CPU.Build.0 = Release|Any CPU
		{29A626E2-EF8D-4DE8-8E5F-1BD729164F7C}.Release|x64.ActiveCfg = Release|Any CPU
		{29A626E2-EF8D-4DE8-8E5F-1BD729164F7C}.Release|x64.Build.0 = Release|Any CPU
		{29A626E2-EF8D-4DE8-8E5F-1BD729164F7C}.Release|x86.ActiveCfg = Release|Any CPU
		{29A626E2-EF8D-4DE8-8E5F-1BD729164F7C}.Release|x86.Build.0 = Release|Any CPU
		{A316B05F-9818-40E8-99BA-5362A91395E7}.Debug|Any CPU.ActiveCfg = Debug|Any CPU
		{A316B05F-9818-40E8-99BA-5362A91395E7}.Debug|Any CPU.Build.0 = Debug|Any CPU
		{A316B05F-9818-40E8-99BA-5362A91395E7}.Debug|x64.ActiveCfg = Debug|Any CPU
		{A316B05F-9818-40E8-99BA-5362A91395E7}.Debug|x64.Build.0 = Debug|Any CPU
		{A316B05F-9818-40E8-99BA-5362A91395E7}.Debug|x86.ActiveCfg = Debug|Any CPU
		{A316B05F-9818-40E8-99BA-5362A91395E7}.Debug|x86.Build.0 = Debug|Any CPU
		{A316B05F-9818-40E8-99BA-5362A91395E7}.Release|Any CPU.ActiveCfg = Release|Any CPU
		{A316B05F-9818-40E8-99BA-5362A91395E7}.Release|Any CPU.Build.0 = Release|Any CPU
		{A316B05F-9818-40E8-99BA-5362A91395E7}.Release|x64.ActiveCfg = Release|Any CPU
		{A316B05F-9818-40E8-99BA-5362A91395E7}.Release|x64.Build.0 = Release|Any CPU
		{A316B05F-9818-40E8-99BA-5362A91395E7}.Release|x86.ActiveCfg = Release|Any CPU
		{A316B05F-9818-40E8-99BA-5362A91395E7}.Release|x86.Build.0 = Release|Any CPU
	EndGlobalSection
	GlobalSection(SolutionProperties) = preSolution
		HideSolutionNode = FALSE
	EndGlobalSection
	GlobalSection(NestedProjects) = preSolution
		{7ACF0310-CF05-444C-BEEC-E9ACB814A275} = {4F52FD11-658E-A102-6CD3-7D7C16FFA15B}
		{06470F13-D646-4954-ED4A-FA216054436A} = {5854FF58-B8C5-05C6-5BF2-ACE42193F22B}
		{ACEC3B38-5248-4C6B-AF21-442DF73D21B7} = {06470F13-D646-4954-ED4A-FA216054436A}
		{BE2EE0B0-CC20-48F2-8BBA-05718894A545} = {06470F13-D646-4954-ED4A-FA216054436A}
		{15F7E490-2381-4962-865C-A23674010C8C} = {06470F13-D646-4954-ED4A-FA216054436A}
		{07E4F5D5-FA57-4F74-A46F-D6177CC4703D} = {06470F13-D646-4954-ED4A-FA216054436A}
		{DD5B168F-8ADA-4757-9343-909710ADA221} = {4F52FD11-658E-A102-6CD3-7D7C16FFA15B}
		{4F524BD1-8A6B-49DE-B05C-68143F71B970} = {4F52FD11-658E-A102-6CD3-7D7C16FFA15B}
		{357A7C97-5AE1-023F-1442-0D9F9AF22A31} = {5854FF58-B8C5-05C6-5BF2-ACE42193F22B}
		{A4A1F295-3CC2-440E-A57A-6B21ED66CD1A} = {357A7C97-5AE1-023F-1442-0D9F9AF22A31}
		{1C7F736F-1CAA-4C27-8CF4-333F861722F0} = {357A7C97-5AE1-023F-1442-0D9F9AF22A31}
		{08D18CC2-9C89-4F8A-9A32-1EBE29537379} = {357A7C97-5AE1-023F-1442-0D9F9AF22A31}
		{14BFDF8D-3D5C-44FD-860F-1B3581A949D9} = {357A7C97-5AE1-023F-1442-0D9F9AF22A31}
		{5A402D54-1398-4B8D-81EF-1531FB0F892A} = {357A7C97-5AE1-023F-1442-0D9F9AF22A31}
		{F0283775-FCF7-40FF-A84F-A81F753CE80C} = {357A7C97-5AE1-023F-1442-0D9F9AF22A31}
		{860B2E64-247B-44B1-B49F-9CD84653A08A} = {357A7C97-5AE1-023F-1442-0D9F9AF22A31}
		{DE9E367F-F3F4-4AE0-BF84-AE1F8C0A7A54} = {357A7C97-5AE1-023F-1442-0D9F9AF22A31}
		{2CDE6FA5-BFC7-410C-9A3E-AE69CB26970C} = {357A7C97-5AE1-023F-1442-0D9F9AF22A31}
		{CFF8C59B-C934-49BD-83C0-CD1E5E684BF6} = {357A7C97-5AE1-023F-1442-0D9F9AF22A31}
		{E4D926D1-04CC-4BD4-8C98-743F891D196D} = {357A7C97-5AE1-023F-1442-0D9F9AF22A31}
		{69BF9952-7B11-4D22-8ECD-C2EDC2EF2B34} = {357A7C97-5AE1-023F-1442-0D9F9AF22A31}
		{89C94B0A-9FEA-4C58-AE80-1FA8605B8239} = {357A7C97-5AE1-023F-1442-0D9F9AF22A31}
		{A85A78B5-D5C4-42B0-9062-A0BBB0F72395} = {357A7C97-5AE1-023F-1442-0D9F9AF22A31}
		{8D26D2CC-9177-4A88-B837-D7E813FB0135} = {357A7C97-5AE1-023F-1442-0D9F9AF22A31}
		{2DCBE71E-AC67-4EE7-B610-733821C6D2E7} = {357A7C97-5AE1-023F-1442-0D9F9AF22A31}
		{36D16695-98DE-48A1-B680-4D28083DC7FC} = {357A7C97-5AE1-023F-1442-0D9F9AF22A31}
		{28C9C9CC-49BA-4983-AFD8-55C47DF02A1B} = {357A7C97-5AE1-023F-1442-0D9F9AF22A31}
		{17027363-AF73-4ABD-B7B5-0894BE1AD40F} = {357A7C97-5AE1-023F-1442-0D9F9AF22A31}
		{0E8BB575-A6C1-4701-8D46-886F64719412} = {357A7C97-5AE1-023F-1442-0D9F9AF22A31}
		{B0BF0EDF-5497-4506-B05F-338EAD4F9F67} = {357A7C97-5AE1-023F-1442-0D9F9AF22A31}
		{15394C09-0842-4FAC-8CC5-B0D6FB855A5F} = {357A7C97-5AE1-023F-1442-0D9F9AF22A31}
		{DF023FE5-E6F1-4ED5-B7C0-ABCD06512DBC} = {357A7C97-5AE1-023F-1442-0D9F9AF22A31}
		{29A626E2-EF8D-4DE8-8E5F-1BD729164F7C} = {357A7C97-5AE1-023F-1442-0D9F9AF22A31}
		{A316B05F-9818-40E8-99BA-5362A91395E7} = {E7BDDBC6-9FD1-D1D7-ACD8-2C4F8E3D2461}
	EndGlobalSection
EndGlobal
